
Microsoft Visual Studio Solution File, Format Version 12.00
# Visual Studio 15
VisualStudioVersion = 15.0.27130.2010
MinimumVisualStudioVersion = 10.0.40219.1
Project("{FAE04EC0-301F-11D3-BF4B-00C04F79EFBC}") = "DevOps.Primitives.VisualStudio.Projects.Helpers.DotNetCore", "DevOps.Primitives.VisualStudio.Projects.Helpers.DotNetCore\DevOps.Primitives.VisualStudio.Projects.Helpers.DotNetCore.csproj", "{760FEEA0-D7D4-47CD-991C-D89E710B334C}"
EndProject
Global
	GlobalSection(SolutionConfigurationPlatforms) = preSolution
		Debug|Any CPU = Debug|Any CPU
		Release|Any CPU = Release|Any CPU
	EndGlobalSection
	GlobalSection(ProjectConfigurationPlatforms) = postSolution
		{760FEEA0-D7D4-47CD-991C-D89E710B334C}.Debug|Any CPU.ActiveCfg = Debug|Any CPU
		{760FEEA0-D7D4-47CD-991C-D89E710B334C}.Debug|Any CPU.Build.0 = Debug|Any CPU
		{760FEEA0-D7D4-47CD-991C-D89E710B334C}.Release|Any CPU.ActiveCfg = Release|Any CPU
		{760FEEA0-D7D4-47CD-991C-D89E710B334C}.Release|Any CPU.Build.0 = Release|Any CPU
	EndGlobalSection
	GlobalSection(SolutionProperties) = preSolution
		HideSolutionNode = FALSE
	EndGlobalSection
	GlobalSection(ExtensibilityGlobals) = postSolution
		SolutionGuid = {A9E6B9D3-0D83-4785-8D53-231909E46EB1}
	EndGlobalSection
EndGlobal
